
Microsoft Visual Studio Solution File, Format Version 12.00
# Visual Studio Version 17
VisualStudioVersion = 17.3.32819.101
MinimumVisualStudioVersion = 10.0.40219.1
Project("{FAE04EC0-301F-11D3-BF4B-00C04F79EFBC}") = "MkDocsPoC", "MkDocsPoC\MkDocsPoC.csproj", "{05FCDCEF-BFEE-47E8-9568-880C7432DDB9}"
EndProject
Global
	GlobalSection(SolutionConfigurationPlatforms) = preSolution
		Debug|Any CPU = Debug|Any CPU
		Release|Any CPU = Release|Any CPU
	EndGlobalSection
	GlobalSection(ProjectConfigurationPlatforms) = postSolution
		{05FCDCEF-BFEE-47E8-9568-880C7432DDB9}.Debug|Any CPU.ActiveCfg = Debug|Any CPU
		{05FCDCEF-BFEE-47E8-9568-880C7432DDB9}.Debug|Any CPU.Build.0 = Debug|Any CPU
		{05FCDCEF-BFEE-47E8-9568-880C7432DDB9}.Release|Any CPU.ActiveCfg = Release|Any CPU
		{05FCDCEF-BFEE-47E8-9568-880C7432DDB9}.Release|Any CPU.Build.0 = Release|Any CPU
	EndGlobalSection
	GlobalSection(SolutionProperties) = preSolution
		HideSolutionNode = FALSE
	EndGlobalSection
	GlobalSection(ExtensibilityGlobals) = postSolution
		SolutionGuid = {606597B3-3CE3-4494-8E2D-C36B57C9C8DC}
	EndGlobalSection
EndGlobal
